// !$*UTF8*$!
{
	archiveVersion = 1;
	classes = {
	};
	objectVersion = 50;
	objects = {

/* Begin PBXBuildFile section */
		EC1F1E5224856E84007996D5 /* AppDelegate.swift in Sources */ = {isa = PBXBuildFile; fileRef = EC1F1E5124856E84007996D5 /* AppDelegate.swift */; };
		EC1F1E5424856E84007996D5 /* SceneDelegate.swift in Sources */ = {isa = PBXBuildFile; fileRef = EC1F1E5324856E84007996D5 /* SceneDelegate.swift */; };
		EC1F1E5624856E84007996D5 /* GoalsVC.swift in Sources */ = {isa = PBXBuildFile; fileRef = EC1F1E5524856E84007996D5 /* GoalsVC.swift */; };
		EC1F1E5924856E84007996D5 /* Main.storyboard in Resources */ = {isa = PBXBuildFile; fileRef = EC1F1E5724856E84007996D5 /* Main.storyboard */; };
		EC1F1E5C24856E84007996D5 /* GoalPostApp.xcdatamodeld in Sources */ = {isa = PBXBuildFile; fileRef = EC1F1E5A24856E84007996D5 /* GoalPostApp.xcdatamodeld */; };
		EC1F1E5E24856E96007996D5 /* Assets.xcassets in Resources */ = {isa = PBXBuildFile; fileRef = EC1F1E5D24856E96007996D5 /* Assets.xcassets */; };
		EC1F1E6124856E96007996D5 /* LaunchScreen.storyboard in Resources */ = {isa = PBXBuildFile; fileRef = EC1F1E5F24856E96007996D5 /* LaunchScreen.storyboard */; };
		ECAC0DB324857B470028F8DC /* GoalCell.swift in Sources */ = {isa = PBXBuildFile; fileRef = ECAC0DB224857B470028F8DC /* GoalCell.swift */; };
		ECAC0DB52485924B0028F8DC /* GoalType.swift in Sources */ = {isa = PBXBuildFile; fileRef = ECAC0DB42485924B0028F8DC /* GoalType.swift */; };
		ECAC0DB7248599910028F8DC /* CreateGoalVC.swift in Sources */ = {isa = PBXBuildFile; fileRef = ECAC0DB6248599910028F8DC /* CreateGoalVC.swift */; };
/* End PBXBuildFile section */

/* Begin PBXFileReference section */
		EC1F1E4E24856E84007996D5 /* GoalPostApp.app */ = {isa = PBXFileReference; explicitFileType = wrapper.application; includeInIndex = 0; path = GoalPostApp.app; sourceTree = BUILT_PRODUCTS_DIR; };
		EC1F1E5124856E84007996D5 /* AppDelegate.swift */ = {isa = PBXFileReference; lastKnownFileType = sourcecode.swift; path = AppDelegate.swift; sourceTree = "<group>"; };
		EC1F1E5324856E84007996D5 /* SceneDelegate.swift */ = {isa = PBXFileReference; lastKnownFileType = sourcecode.swift; path = SceneDelegate.swift; sourceTree = "<group>"; };
		EC1F1E5524856E84007996D5 /* GoalsVC.swift */ = {isa = PBXFileReference; lastKnownFileType = sourcecode.swift; path = GoalsVC.swift; sourceTree = "<group>"; };
		EC1F1E5824856E84007996D5 /* Base */ = {isa = PBXFileReference; lastKnownFileType = file.storyboard; name = Base; path = Base.lproj/Main.storyboard; sourceTree = "<group>"; };
		EC1F1E5B24856E84007996D5 /* GoalPostApp.xcdatamodel */ = {isa = PBXFileReference; lastKnownFileType = wrapper.xcdatamodel; path = GoalPostApp.xcdatamodel; sourceTree = "<group>"; };
		EC1F1E5D24856E96007996D5 /* Assets.xcassets */ = {isa = PBXFileReference; lastKnownFileType = folder.assetcatalog; path = Assets.xcassets; sourceTree = "<group>"; };
		EC1F1E6024856E96007996D5 /* Base */ = {isa = PBXFileReference; lastKnownFileType = file.storyboard; name = Base; path = Base.lproj/LaunchScreen.storyboard; sourceTree = "<group>"; };
		EC1F1E6224856E96007996D5 /* Info.plist */ = {isa = PBXFileReference; lastKnownFileType = text.plist.xml; path = Info.plist; sourceTree = "<group>"; };
		ECAC0DB224857B470028F8DC /* GoalCell.swift */ = {isa = PBXFileReference; lastKnownFileType = sourcecode.swift; path = GoalCell.swift; sourceTree = "<group>"; };
		ECAC0DB42485924B0028F8DC /* GoalType.swift */ = {isa = PBXFileReference; lastKnownFileType = sourcecode.swift; path = GoalType.swift; sourceTree = "<group>"; };
		ECAC0DB6248599910028F8DC /* CreateGoalVC.swift */ = {isa = PBXFileReference; lastKnownFileType = sourcecode.swift; path = CreateGoalVC.swift; sourceTree = "<group>"; };
/* End PBXFileReference section */

/* Begin PBXFrameworksBuildPhase section */
		EC1F1E4B24856E83007996D5 /* Frameworks */ = {
			isa = PBXFrameworksBuildPhase;
			buildActionMask = 2147483647;
			files = (
			);
			runOnlyForDeploymentPostprocessing = 0;
		};
/* End PBXFrameworksBuildPhase section */

/* Begin PBXGroup section */
		EC1F1E4524856E83007996D5 = {
			isa = PBXGroup;
			children = (
				EC1F1E5024856E84007996D5 /* GoalPostApp */,
				EC1F1E4F24856E84007996D5 /* Products */,
			);
			sourceTree = "<group>";
		};
		EC1F1E4F24856E84007996D5 /* Products */ = {
			isa = PBXGroup;
			children = (
				EC1F1E4E24856E84007996D5 /* GoalPostApp.app */,
			);
			name = Products;
			sourceTree = "<group>";
		};
		EC1F1E5024856E84007996D5 /* GoalPostApp */ = {
			isa = PBXGroup;
			children = (
				EC1F1E6B24856F11007996D5 /* Extensions */,
				EC1F1E6A24856ED3007996D5 /* Enums */,
				EC1F1E6924856ECD007996D5 /* View */,
				EC1F1E6824856EC6007996D5 /* Controller */,
				EC1F1E5124856E84007996D5 /* AppDelegate.swift */,
				EC1F1E5324856E84007996D5 /* SceneDelegate.swift */,
				EC1F1E5724856E84007996D5 /* Main.storyboard */,
				EC1F1E5D24856E96007996D5 /* Assets.xcassets */,
				EC1F1E5F24856E96007996D5 /* LaunchScreen.storyboard */,
				EC1F1E6224856E96007996D5 /* Info.plist */,
				EC1F1E5A24856E84007996D5 /* GoalPostApp.xcdatamodeld */,
			);
			path = GoalPostApp;
			sourceTree = "<group>";
		};
		EC1F1E6824856EC6007996D5 /* Controller */ = {
			isa = PBXGroup;
			children = (
				EC1F1E5524856E84007996D5 /* GoalsVC.swift */,
				ECAC0DB6248599910028F8DC /* CreateGoalVC.swift */,
			);
			path = Controller;
			sourceTree = "<group>";
		};
		EC1F1E6924856ECD007996D5 /* View */ = {
			isa = PBXGroup;
			children = (
				ECAC0DB224857B470028F8DC /* GoalCell.swift */,
			);
			path = View;
			sourceTree = "<group>";
		};
		EC1F1E6A24856ED3007996D5 /* Enums */ = {
			isa = PBXGroup;
			children = (
				ECAC0DB42485924B0028F8DC /* GoalType.swift */,
			);
			path = Enums;
			sourceTree = "<group>";
		};
		EC1F1E6B24856F11007996D5 /* Extensions */ = {
			isa = PBXGroup;
			children = (
			);
			path = Extensions;
			sourceTree = "<group>";
		};
/* End PBXGroup section */

/* Begin PBXNativeTarget section */
		EC1F1E4D24856E83007996D5 /* GoalPostApp */ = {
			isa = PBXNativeTarget;
			buildConfigurationList = EC1F1E6524856E96007996D5 /* Build configuration list for PBXNativeTarget "GoalPostApp" */;
			buildPhases = (
				EC1F1E4A24856E83007996D5 /* Sources */,
				EC1F1E4B24856E83007996D5 /* Frameworks */,
				EC1F1E4C24856E83007996D5 /* Resources */,
			);
			buildRules = (
			);
			dependencies = (
			);
			name = GoalPostApp;
			productName = GoalPostApp;
			productReference = EC1F1E4E24856E84007996D5 /* GoalPostApp.app */;
			productType = "com.apple.product-type.application";
		};
/* End PBXNativeTarget section */

/* Begin PBXProject section */
		EC1F1E4624856E83007996D5 /* Project object */ = {
			isa = PBXProject;
			attributes = {
				LastSwiftUpdateCheck = 1150;
				LastUpgradeCheck = 1150;
				ORGANIZATIONNAME = DEVX;
				TargetAttributes = {
					EC1F1E4D24856E83007996D5 = {
						CreatedOnToolsVersion = 11.5;
					};
				};
			};
			buildConfigurationList = EC1F1E4924856E83007996D5 /* Build configuration list for PBXProject "GoalPostApp" */;
			compatibilityVersion = "Xcode 9.3";
			developmentRegion = en;
			hasScannedForEncodings = 0;
			knownRegions = (
				en,
				Base,
			);
			mainGroup = EC1F1E4524856E83007996D5;
			productRefGroup = EC1F1E4F24856E84007996D5 /* Products */;
			projectDirPath = "";
			projectRoot = "";
			targets = (
				EC1F1E4D24856E83007996D5 /* GoalPostApp */,
			);
		};
/* End PBXProject section */

/* Begin PBXResourcesBuildPhase section */
		EC1F1E4C24856E83007996D5 /* Resources */ = {
			isa = PBXResourcesBuildPhase;
			buildActionMask = 2147483647;
			files = (
				EC1F1E6124856E96007996D5 /* LaunchScreen.storyboard in Resources */,
				EC1F1E5E24856E96007996D5 /* Assets.xcassets in Resources */,
				EC1F1E5924856E84007996D5 /* Main.storyboard in Resources */,
			);
			runOnlyForDeploymentPostprocessing = 0;
		};
/* End PBXResourcesBuildPhase section */

/* Begin PBXSourcesBuildPhase section */
		EC1F1E4A24856E83007996D5 /* Sources */ = {
			isa = PBXSourcesBuildPhase;
			buildActionMask = 2147483647;
			files = (
				EC1F1E5624856E84007996D5 /* GoalsVC.swift in Sources */,
				EC1F1E5224856E84007996D5 /* AppDelegate.swift in Sources */,
				ECAC0DB52485924B0028F8DC /* GoalType.swift in Sources */,
				EC1F1E5C24856E84007996D5 /* GoalPostApp.xcdatamodeld in Sources */,
				ECAC0DB7248599910028F8DC /* CreateGoalVC.swift in Sources */,
				ECAC0DB324857B470028F8DC /* GoalCell.swift in Sources */,
				EC1F1E5424856E84007996D5 /* SceneDelegate.swift in Sources */,
			);
			runOnlyForDeploymentPostprocessing = 0;
		};
/* End PBXSourcesBuildPhase section */

/* Begin PBXVariantGroup section */
		EC1F1E5724856E84007996D5 /* Main.storyboard */ = {
			isa = PBXVariantGroup;
			children = (
				EC1F1E5824856E84007996D5 /* Base */,
			);
			name = Main.storyboard;
			sourceTree = "<group>";
		};
		EC1F1E5F24856E96007996D5 /* LaunchScreen.storyboard */ = {
			isa = PBXVariantGroup;
			children = (
				EC1F1E6024856E96007996D5 /* Base */,
			);
			name = LaunchScreen.storyboard;
			sourceTree = "<group>";
		};
/* End PBXVariantGroup section */

/* Begin XCBuildConfiguration section */
		EC1F1E6324856E96007996D5 /* Debug */ = {
			isa = XCBuildConfiguration;
			buildSettings = {
				ALWAYS_SEARCH_USER_PATHS = NO;
				CLANG_ANALYZER_NONNULL = YES;
				CLANG_ANALYZER_NUMBER_OBJECT_CONVERSION = YES_AGGRESSIVE;
				CLANG_CXX_LANGUAGE_STANDARD = "gnu++14";
				CLANG_CXX_LIBRARY = "libc++";
				CLANG_ENABLE_MODULES = YES;
				CLANG_ENABLE_OBJC_ARC = YES;
				CLANG_ENABLE_OBJC_WEAK = YES;
				CLANG_WARN_BLOCK_CAPTURE_AUTORELEASING = YES;
				CLANG_WARN_BOOL_CONVERSION = YES;
				CLANG_WARN_COMMA = YES;
				CLANG_WARN_CONSTANT_CONVERSION = YES;
				CLANG_WARN_DEPRECATED_OBJC_IMPLEMENTATIONS = YES;
				CLANG_WARN_DIRECT_OBJC_ISA_USAGE = YES_ERROR;
				CLANG_WARN_DOCUMENTATION_COMMENTS = YES;
				CLANG_WARN_EMPTY_BODY = YES;
				CLANG_WARN_ENUM_CONVERSION = YES;
				CLANG_WARN_INFINITE_RECURSION = YES;
				CLANG_WARN_INT_CONVERSION = YES;
				CLANG_WARN_NON_LITERAL_NULL_CONVERSION = YES;
				CLANG_WARN_OBJC_IMPLICIT_RETAIN_SELF = YES;
				CLANG_WARN_OBJC_LITERAL_CONVERSION = YES;
				CLANG_WARN_OBJC_ROOT_CLASS = YES_ERROR;
				CLANG_WARN_RANGE_LOOP_ANALYSIS = YES;
				CLANG_WARN_STRICT_PROTOTYPES = YES;
				CLANG_WARN_SUSPICIOUS_MOVE = YES;
				CLANG_WARN_UNGUARDED_AVAILABILITY = YES_AGGRESSIVE;
				CLANG_WARN_UNREACHABLE_CODE = YES;
				CLANG_WARN__DUPLICATE_METHOD_MATCH = YES;
				COPY_PHASE_STRIP = NO;
				DEBUG_INFORMATION_FORMAT = dwarf;
				ENABLE_STRICT_OBJC_MSGSEND = YES;
				ENABLE_TESTABILITY = YES;
				GCC_C_LANGUAGE_STANDARD = gnu11;
				GCC_DYNAMIC_NO_PIC = NO;
				GCC_NO_COMMON_BLOCKS = YES;
				GCC_OPTIMIZATION_LEVEL = 0;
				GCC_PREPROCESSOR_DEFINITIONS = (
					"DEBUG=1",
					"$(inherited)",
				);
				GCC_WARN_64_TO_32_BIT_CONVERSION = YES;
				GCC_WARN_ABOUT_RETURN_TYPE = YES_ERROR;
				GCC_WARN_UNDECLARED_SELECTOR = YES;
				GCC_WARN_UNINITIALIZED_AUTOS = YES_AGGRESSIVE;
				GCC_WARN_UNUSED_FUNCTION = YES;
				GCC_WARN_UNUSED_VARIABLE = YES;
				IPHONEOS_DEPLOYMENT_TARGET = 13.5;
				MTL_ENABLE_DEBUG_INFO = INCLUDE_SOURCE;
				MTL_FAST_MATH = YES;
				ONLY_ACTIVE_ARCH = YES;
				SDKROOT = iphoneos;
				SWIFT_ACTIVE_COMPILATION_CONDITIONS = DEBUG;
				SWIFT_OPTIMIZATION_LEVEL = "-Onone";
			};
			name = Debug;
		};
		EC1F1E6424856E96007996D5 /* Release */ = {
			isa = XCBuildConfiguration;
			buildSettings = {
				ALWAYS_SEARCH_USER_PATHS = NO;
				CLANG_ANALYZER_NONNULL = YES;
				CLANG_ANALYZER_NUMBER_OBJECT_CONVERSION = YES_AGGRESSIVE;
				CLANG_CXX_LANGUAGE_STANDARD = "gnu++14";
				CLANG_CXX_LIBRARY = "libc++";
				CLANG_ENABLE_MODULES = YES;
				CLANG_ENABLE_OBJC_ARC = YES;
				CLANG_ENABLE_OBJC_WEAK = YES;
				CLANG_WARN_BLOCK_CAPTURE_AUTORELEASING = YES;
				CLANG_WARN_BOOL_CONVERSION = YES;
				CLANG_WARN_COMMA = YES;
				CLANG_WARN_CONSTANT_CONVERSION = YES;
				CLANG_WARN_DEPRECATED_OBJC_IMPLEMENTATIONS = YES;
				CLANG_WARN_DIRECT_OBJC_ISA_USAGE = YES_ERROR;
				CLANG_WARN_DOCUMENTATION_COMMENTS = YES;
				CLANG_WARN_EMPTY_BODY = YES;
				CLANG_WARN_ENUM_CONVERSION = YES;
				CLANG_WARN_INFINITE_RECURSION = YES;
				CLANG_WARN_INT_CONVERSION = YES;
				CLANG_WARN_NON_LITERAL_NULL_CONVERSION = YES;
				CLANG_WARN_OBJC_IMPLICIT_RETAIN_SELF = YES;
				CLANG_WARN_OBJC_LITERAL_CONVERSION = YES;
				CLANG_WARN_OBJC_ROOT_CLASS = YES_ERROR;
				CLANG_WARN_RANGE_LOOP_ANALYSIS = YES;
				CLANG_WARN_STRICT_PROTOTYPES = YES;
				CLANG_WARN_SUSPICIOUS_MOVE = YES;
				CLANG_WARN_UNGUARDED_AVAILABILITY = YES_AGGRESSIVE;
				CLANG_WARN_UNREACHABLE_CODE = YES;
				CLANG_WARN__DUPLICATE_METHOD_MATCH = YES;
				COPY_PHASE_STRIP = NO;
				DEBUG_INFORMATION_FORMAT = "dwarf-with-dsym";
				ENABLE_NS_ASSERTIONS = NO;
				ENABLE_STRICT_OBJC_MSGSEND = YES;
				GCC_C_LANGUAGE_STANDARD = gnu11;
				GCC_NO_COMMON_BLOCKS = YES;
				GCC_WARN_64_TO_32_BIT_CONVERSION = YES;
				GCC_WARN_ABOUT_RETURN_TYPE = YES_ERROR;
				GCC_WARN_UNDECLARED_SELECTOR = YES;
				GCC_WARN_UNINITIALIZED_AUTOS = YES_AGGRESSIVE;
				GCC_WARN_UNUSED_FUNCTION = YES;
				GCC_WARN_UNUSED_VARIABLE = YES;
				IPHONEOS_DEPLOYMENT_TARGET = 13.5;
				MTL_ENABLE_DEBUG_INFO = NO;
				MTL_FAST_MATH = YES;
				SDKROOT = iphoneos;
				SWIFT_COMPILATION_MODE = wholemodule;
				SWIFT_OPTIMIZATION_LEVEL = "-O";
				VALIDATE_PRODUCT = YES;
			};
			name = Release;
		};
		EC1F1E6624856E96007996D5 /* Debug */ = {
			isa = XCBuildConfiguration;
			buildSettings = {
				ASSETCATALOG_COMPILER_APPICON_NAME = AppIcon;
				CODE_SIGN_STYLE = Automatic;
				DEVELOPMENT_TEAM = RCL53DPK25;
				INFOPLIST_FILE = GoalPostApp/Info.plist;
				IPHONEOS_DEPLOYMENT_TARGET = 13.0;
				LD_RUNPATH_SEARCH_PATHS = (
					"$(inherited)",
					"@executable_path/Frameworks",
				);
				PRODUCT_BUNDLE_IDENTIFIER = com.devx.GoalPostApp;
				PRODUCT_NAME = "$(TARGET_NAME)";
				SWIFT_VERSION = 5.0;
				TARGETED_DEVICE_FAMILY = "1,2";
			};
			name = Debug;
		};
		EC1F1E6724856E96007996D5 /* Release */ = {
			isa = XCBuildConfiguration;
			buildSettings = {
				ASSETCATALOG_COMPILER_APPICON_NAME = AppIcon;
				CODE_SIGN_STYLE = Automatic;
				DEVELOPMENT_TEAM = RCL53DPK25;
				INFOPLIST_FILE = GoalPostApp/Info.plist;
				IPHONEOS_DEPLOYMENT_TARGET = 13.0;
				LD_RUNPATH_SEARCH_PATHS = (
					"$(inherited)",
					"@executable_path/Frameworks",
				);
				PRODUCT_BUNDLE_IDENTIFIER = com.devx.GoalPostApp;
				PRODUCT_NAME = "$(TARGET_NAME)";
				SWIFT_VERSION = 5.0;
				TARGETED_DEVICE_FAMILY = "1,2";
			};
			name = Release;
		};
/* End XCBuildConfiguration section */

/* Begin XCConfigurationList section */
		EC1F1E4924856E83007996D5 /* Build configuration list for PBXProject "GoalPostApp" */ = {
			isa = XCConfigurationList;
			buildConfigurations = (
				EC1F1E6324856E96007996D5 /* Debug */,
				EC1F1E6424856E96007996D5 /* Release */,
			);
			defaultConfigurationIsVisible = 0;
			defaultConfigurationName = Release;
		};
		EC1F1E6524856E96007996D5 /* Build configuration list for PBXNativeTarget "GoalPostApp" */ = {
			isa = XCConfigurationList;
			buildConfigurations = (
				EC1F1E6624856E96007996D5 /* Debug */,
				EC1F1E6724856E96007996D5 /* Release */,
			);
			defaultConfigurationIsVisible = 0;
			defaultConfigurationName = Release;
		};
/* End XCConfigurationList section */

/* Begin XCVersionGroup section */
		EC1F1E5A24856E84007996D5 /* GoalPostApp.xcdatamodeld */ = {
			isa = XCVersionGroup;
			children = (
				EC1F1E5B24856E84007996D5 /* GoalPostApp.xcdatamodel */,
			);
			currentVersion = EC1F1E5B24856E84007996D5 /* GoalPostApp.xcdatamodel */;
			path = GoalPostApp.xcdatamodeld;
			sourceTree = "<group>";
			versionGroupType = wrapper.xcdatamodel;
		};
/* End XCVersionGroup section */
	};
	rootObject = EC1F1E4624856E83007996D5 /* Project object */;
}
